
Microsoft Visual Studio Solution File, Format Version 12.00
# Visual Studio Version 17
VisualStudioVersion = 17.8.34309.116
MinimumVisualStudioVersion = 10.0.40219.1
Project("{FAE04EC0-301F-11D3-BF4B-00C04F79EFBC}") = "Memento", "Memento\Memento.csproj", "{350DD477-B35C-43A1-9DEE-622A19E232DA}"
EndProject
Global
	GlobalSection(SolutionConfigurationPlatforms) = preSolution
		Debug|Any CPU = Debug|Any CPU
		Release|Any CPU = Release|Any CPU
	EndGlobalSection
	GlobalSection(ProjectConfigurationPlatforms) = postSolution
		{350DD477-B35C-43A1-9DEE-622A19E232DA}.Debug|Any CPU.ActiveCfg = Debug|Any CPU
		{350DD477-B35C-43A1-9DEE-622A19E232DA}.Debug|Any CPU.Build.0 = Debug|Any CPU
		{350DD477-B35C-43A1-9DEE-622A19E232DA}.Release|Any CPU.ActiveCfg = Release|Any CPU
		{350DD477-B35C-43A1-9DEE-622A19E232DA}.Release|Any CPU.Build.0 = Release|Any CPU
	EndGlobalSection
	GlobalSection(SolutionProperties) = preSolution
		HideSolutionNode = FALSE
	EndGlobalSection
	GlobalSection(ExtensibilityGlobals) = postSolution
		SolutionGuid = {20C928FB-147F-46D2-A975-8604BE0D7FAB}
	EndGlobalSection
EndGlobal
